
Microsoft Visual Studio Solution File, Format Version 12.00
# Visual Studio Version 17
VisualStudioVersion = 17.8.34330.188
MinimumVisualStudioVersion = 10.0.40219.1
Project("{FAE04EC0-301F-11D3-BF4B-00C04F79EFBC}") = "library", "library.csproj", "{FE06BB57-A966-4A95-9989-457A158934DC}"
EndProject
Global
	GlobalSection(SolutionConfigurationPlatforms) = preSolution
		Debug|Any CPU = Debug|Any CPU
		Release|Any CPU = Release|Any CPU
	EndGlobalSection
	GlobalSection(ProjectConfigurationPlatforms) = postSolution
		{FE06BB57-A966-4A95-9989-457A158934DC}.Debug|Any CPU.ActiveCfg = Debug|Any CPU
		{FE06BB57-A966-4A95-9989-457A158934DC}.Debug|Any CPU.Build.0 = Debug|Any CPU
		{FE06BB57-A966-4A95-9989-457A158934DC}.Release|Any CPU.ActiveCfg = Release|Any CPU
		{FE06BB57-A966-4A95-9989-457A158934DC}.Release|Any CPU.Build.0 = Release|Any CPU
	EndGlobalSection
	GlobalSection(SolutionProperties) = preSolution
		HideSolutionNode = FALSE
	EndGlobalSection
	GlobalSection(ExtensibilityGlobals) = postSolution
		SolutionGuid = {56B45834-2021-4699-90BE-BDF448BE40F8}
	EndGlobalSection
EndGlobal
